
Microsoft Visual Studio Solution File, Format Version 12.00
# Visual Studio Version 17
VisualStudioVersion = 17.1.32328.378
MinimumVisualStudioVersion = 10.0.40219.1
Project("{FAE04EC0-301F-11D3-BF4B-00C04F79EFBC}") = "DefaultLaserState", "DefaultLaserState.csproj", "{6E427250-45CF-4346-A1C0-0BE2A19953C9}"
EndProject
Global
	GlobalSection(SolutionConfigurationPlatforms) = preSolution
		Debug|Any CPU = Debug|Any CPU
		Release|Any CPU = Release|Any CPU
	EndGlobalSection
	GlobalSection(ProjectConfigurationPlatforms) = postSolution
		{6E427250-45CF-4346-A1C0-0BE2A19953C9}.Debug|Any CPU.ActiveCfg = Debug|Any CPU
		{6E427250-45CF-4346-A1C0-0BE2A19953C9}.Debug|Any CPU.Build.0 = Debug|Any CPU
		{6E427250-45CF-4346-A1C0-0BE2A19953C9}.Release|Any CPU.ActiveCfg = Release|Any CPU
		{6E427250-45CF-4346-A1C0-0BE2A19953C9}.Release|Any CPU.Build.0 = Release|Any CPU
	EndGlobalSection
	GlobalSection(SolutionProperties) = preSolution
		HideSolutionNode = FALSE
	EndGlobalSection
	GlobalSection(ExtensibilityGlobals) = postSolution
		SolutionGuid = {84B86A29-A9B0-4C66-BC98-48F8B097421C}
	EndGlobalSection
EndGlobal
